
Microsoft Visual Studio Solution File, Format Version 12.00
# Visual Studio Version 17
VisualStudioVersion = 17.14.36203.30
MinimumVisualStudioVersion = 10.0.40219.1
Project("{FAE04EC0-301F-11D3-BF4B-00C04F79EFBC}") = "ModbusForge", "ModbusForge\ModbusForge.csproj", "{65C2B6D8-3A70-4F3D-8334-63B0099E760E}"
EndProject
Project("{FAE04EC0-301F-11D3-BF4B-00C04F79EFBC}") = "UI.TestFramework", "UI.TestFramework\UI.TestFramework.csproj", "{270AF449-6A1A-4EBA-9FB3-2FF2BADC1EF0}"
EndProject
Project("{FAE04EC0-301F-11D3-BF4B-00C04F79EFBC}") = "ModbusForge.Tests", "ModbusForge.Tests\ModbusForge.Tests.csproj", "{AA100AD2-8336-42DD-89E5-1E651CD8857D}"
EndProject
Global
	GlobalSection(SolutionConfigurationPlatforms) = preSolution
		Debug|Any CPU = Debug|Any CPU
		Debug|x64 = Debug|x64
		Debug|x86 = Debug|x86
		Release|Any CPU = Release|Any CPU
		Release|x64 = Release|x64
		Release|x86 = Release|x86
	EndGlobalSection
	GlobalSection(ProjectConfigurationPlatforms) = postSolution
		{65C2B6D8-3A70-4F3D-8334-63B0099E760E}.Debug|Any CPU.ActiveCfg = Debug|Any CPU
		{65C2B6D8-3A70-4F3D-8334-63B0099E760E}.Debug|Any CPU.Build.0 = Debug|Any CPU
		{65C2B6D8-3A70-4F3D-8334-63B0099E760E}.Debug|x64.ActiveCfg = Debug|Any CPU
		{65C2B6D8-3A70-4F3D-8334-63B0099E760E}.Debug|x64.Build.0 = Debug|Any CPU
		{65C2B6D8-3A70-4F3D-8334-63B0099E760E}.Debug|x86.ActiveCfg = Debug|Any CPU
		{65C2B6D8-3A70-4F3D-8334-63B0099E760E}.Debug|x86.Build.0 = Debug|Any CPU
		{65C2B6D8-3A70-4F3D-8334-63B0099E760E}.Release|Any CPU.ActiveCfg = Release|Any CPU
		{65C2B6D8-3A70-4F3D-8334-63B0099E760E}.Release|Any CPU.Build.0 = Release|Any CPU
		{65C2B6D8-3A70-4F3D-8334-63B0099E760E}.Release|x64.ActiveCfg = Release|Any CPU
		{65C2B6D8-3A70-4F3D-8334-63B0099E760E}.Release|x64.Build.0 = Release|Any CPU
		{65C2B6D8-3A70-4F3D-8334-63B0099E760E}.Release|x86.ActiveCfg = Release|Any CPU
		{65C2B6D8-3A70-4F3D-8334-63B0099E760E}.Release|x86.Build.0 = Release|Any CPU
		{270AF449-6A1A-4EBA-9FB3-2FF2BADC1EF0}.Debug|Any CPU.ActiveCfg = Debug|Any CPU
		{270AF449-6A1A-4EBA-9FB3-2FF2BADC1EF0}.Debug|Any CPU.Build.0 = Debug|Any CPU
		{270AF449-6A1A-4EBA-9FB3-2FF2BADC1EF0}.Debug|x64.ActiveCfg = Debug|Any CPU
		{270AF449-6A1A-4EBA-9FB3-2FF2BADC1EF0}.Debug|x64.Build.0 = Debug|Any CPU
		{270AF449-6A1A-4EBA-9FB3-2FF2BADC1EF0}.Debug|x86.ActiveCfg = Debug|Any CPU
		{270AF449-6A1A-4EBA-9FB3-2FF2BADC1EF0}.Debug|x86.Build.0 = Debug|Any CPU
		{270AF449-6A1A-4EBA-9FB3-2FF2BADC1EF0}.Release|Any CPU.ActiveCfg = Release|Any CPU
		{270AF449-6A1A-4EBA-9FB3-2FF2BADC1EF0}.Release|Any CPU.Build.0 = Release|Any CPU
		{270AF449-6A1A-4EBA-9FB3-2FF2BADC1EF0}.Release|x64.ActiveCfg = Release|Any CPU
		{270AF449-6A1A-4EBA-9FB3-2FF2BADC1EF0}.Release|x64.Build.0 = Release|Any CPU
		{270AF449-6A1A-4EBA-9FB3-2FF2BADC1EF0}.Release|x86.ActiveCfg = Release|Any CPU
		{270AF449-6A1A-4EBA-9FB3-2FF2BADC1EF0}.Release|x86.Build.0 = Release|Any CPU
		{AA100AD2-8336-42DD-89E5-1E651CD8857D}.Debug|Any CPU.ActiveCfg = Debug|Any CPU
		{AA100AD2-8336-42DD-89E5-1E651CD8857D}.Debug|Any CPU.Build.0 = Debug|Any CPU
		{AA100AD2-8336-42DD-89E5-1E651CD8857D}.Debug|x64.ActiveCfg = Debug|Any CPU
		{AA100AD2-8336-42DD-89E5-1E651CD8857D}.Debug|x64.Build.0 = Debug|Any CPU
		{AA100AD2-8336-42DD-89E5-1E651CD8857D}.Debug|x86.ActiveCfg = Debug|Any CPU
		{AA100AD2-8336-42DD-89E5-1E651CD8857D}.Debug|x86.Build.0 = Debug|Any CPU
		{AA100AD2-8336-42DD-89E5-1E651CD8857D}.Release|Any CPU.ActiveCfg = Release|Any CPU
		{AA100AD2-8336-42DD-89E5-1E651CD8857D}.Release|Any CPU.Build.0 = Release|Any CPU
		{AA100AD2-8336-42DD-89E5-1E651CD8857D}.Release|x64.ActiveCfg = Release|Any CPU
		{AA100AD2-8336-42DD-89E5-1E651CD8857D}.Release|x64.Build.0 = Release|Any CPU
		{AA100AD2-8336-42DD-89E5-1E651CD8857D}.Release|x86.ActiveCfg = Release|Any CPU
		{AA100AD2-8336-42DD-89E5-1E651CD8857D}.Release|x86.Build.0 = Release|Any CPU
	EndGlobalSection
	GlobalSection(SolutionProperties) = preSolution
		HideSolutionNode = FALSE
	EndGlobalSection
	GlobalSection(ExtensibilityGlobals) = postSolution
		SolutionGuid = {4C8D6EDC-7AC6-460D-8599-9E52DF99705A}
	EndGlobalSection
EndGlobal
