
Microsoft Visual Studio Solution File, Format Version 12.00
# Visual Studio Version 17
VisualStudioVersion = 17.14.36203.30
MinimumVisualStudioVersion = 10.0.40219.1
Project("{FAE04EC0-301F-11D3-BF4B-00C04F79EFBC}") = "ModbusForge", "ModbusForge\ModbusForge.csproj", "{F23C7E8E-2BAE-4806-90A9-970277960814}"
EndProject
Project("{FAE04EC0-301F-11D3-BF4B-00C04F79EFBC}") = "ModbusForge.Tests", "ModbusForge.Tests\ModbusForge.Tests.csproj", "{AA100AD2-8336-42DD-89E5-1E651CD8857D}"
EndProject
Project("{FAE04EC0-301F-11D3-BF4B-00C04F79EFBC}") = "ModbusForge.Core", "ModbusForge.Core\ModbusForge.Core.csproj", "{2E0A9101-7C62-4416-902F-4CB445D16B43}"
EndProject
Project("{FAE04EC0-301F-11D3-BF4B-00C04F79EFBC}") = "ModbusForge.Headless", "ModbusForge.Headless\ModbusForge.Headless.csproj", "{0511BDE5-7803-4A2A-BD18-BAD1EA087B5E}"
EndProject
Project("{FAE04EC0-301F-11D3-BF4B-00C04F79EFBC}") = "ModbusForge.Avalonia.Tests", "ModbusForge.Avalonia.Tests\ModbusForge.Avalonia.Tests.csproj", "{11DF32C8-C9A5-4C1D-9F84-6C1F8D11AB0C}"
EndProject
Global
	GlobalSection(SolutionConfigurationPlatforms) = preSolution
		Debug|Any CPU = Debug|Any CPU
		Debug|x64 = Debug|x64
		Debug|x86 = Debug|x86
		Release|Any CPU = Release|Any CPU
		Release|x64 = Release|x64
		Release|x86 = Release|x86
	EndGlobalSection
	GlobalSection(ProjectConfigurationPlatforms) = postSolution
		{AA100AD2-8336-42DD-89E5-1E651CD8857D}.Debug|Any CPU.ActiveCfg = Debug|Any CPU
		{AA100AD2-8336-42DD-89E5-1E651CD8857D}.Debug|Any CPU.Build.0 = Debug|Any CPU
		{AA100AD2-8336-42DD-89E5-1E651CD8857D}.Debug|x64.ActiveCfg = Debug|Any CPU
		{AA100AD2-8336-42DD-89E5-1E651CD8857D}.Debug|x64.Build.0 = Debug|Any CPU
		{AA100AD2-8336-42DD-89E5-1E651CD8857D}.Debug|x86.ActiveCfg = Debug|Any CPU
		{AA100AD2-8336-42DD-89E5-1E651CD8857D}.Debug|x86.Build.0 = Debug|Any CPU
		{AA100AD2-8336-42DD-89E5-1E651CD8857D}.Release|Any CPU.ActiveCfg = Release|Any CPU
		{AA100AD2-8336-42DD-89E5-1E651CD8857D}.Release|Any CPU.Build.0 = Release|Any CPU
		{AA100AD2-8336-42DD-89E5-1E651CD8857D}.Release|x64.ActiveCfg = Release|Any CPU
		{AA100AD2-8336-42DD-89E5-1E651CD8857D}.Release|x64.Build.0 = Release|Any CPU
		{AA100AD2-8336-42DD-89E5-1E651CD8857D}.Release|x86.ActiveCfg = Release|Any CPU
		{AA100AD2-8336-42DD-89E5-1E651CD8857D}.Release|x86.Build.0 = Release|Any CPU
		{2E0A9101-7C62-4416-902F-4CB445D16B43}.Debug|Any CPU.ActiveCfg = Debug|Any CPU
		{2E0A9101-7C62-4416-902F-4CB445D16B43}.Debug|Any CPU.Build.0 = Debug|Any CPU
		{2E0A9101-7C62-4416-902F-4CB445D16B43}.Debug|x64.ActiveCfg = Debug|Any CPU
		{2E0A9101-7C62-4416-902F-4CB445D16B43}.Debug|x64.Build.0 = Debug|Any CPU
		{2E0A9101-7C62-4416-902F-4CB445D16B43}.Debug|x86.ActiveCfg = Debug|Any CPU
		{2E0A9101-7C62-4416-902F-4CB445D16B43}.Debug|x86.Build.0 = Debug|Any CPU
		{2E0A9101-7C62-4416-902F-4CB445D16B43}.Release|Any CPU.ActiveCfg = Release|Any CPU
		{2E0A9101-7C62-4416-902F-4CB445D16B43}.Release|Any CPU.Build.0 = Release|Any CPU
		{2E0A9101-7C62-4416-902F-4CB445D16B43}.Release|x64.ActiveCfg = Release|Any CPU
		{2E0A9101-7C62-4416-902F-4CB445D16B43}.Release|x64.Build.0 = Release|Any CPU
		{2E0A9101-7C62-4416-902F-4CB445D16B43}.Release|x86.ActiveCfg = Release|Any CPU
		{2E0A9101-7C62-4416-902F-4CB445D16B43}.Release|x86.Build.0 = Release|Any CPU
		{0511BDE5-7803-4A2A-BD18-BAD1EA087B5E}.Debug|Any CPU.ActiveCfg = Debug|Any CPU
		{0511BDE5-7803-4A2A-BD18-BAD1EA087B5E}.Debug|Any CPU.Build.0 = Debug|Any CPU
		{0511BDE5-7803-4A2A-BD18-BAD1EA087B5E}.Debug|x64.ActiveCfg = Debug|Any CPU
		{0511BDE5-7803-4A2A-BD18-BAD1EA087B5E}.Debug|x64.Build.0 = Debug|Any CPU
		{0511BDE5-7803-4A2A-BD18-BAD1EA087B5E}.Debug|x86.ActiveCfg = Debug|Any CPU
		{0511BDE5-7803-4A2A-BD18-BAD1EA087B5E}.Debug|x86.Build.0 = Debug|Any CPU
		{0511BDE5-7803-4A2A-BD18-BAD1EA087B5E}.Release|Any CPU.ActiveCfg = Release|Any CPU
		{0511BDE5-7803-4A2A-BD18-BAD1EA087B5E}.Release|Any CPU.Build.0 = Release|Any CPU
		{0511BDE5-7803-4A2A-BD18-BAD1EA087B5E}.Release|x64.ActiveCfg = Release|Any CPU
		{0511BDE5-7803-4A2A-BD18-BAD1EA087B5E}.Release|x64.Build.0 = Release|Any CPU
		{0511BDE5-7803-4A2A-BD18-BAD1EA087B5E}.Release|x86.ActiveCfg = Release|Any CPU
		{0511BDE5-7803-4A2A-BD18-BAD1EA087B5E}.Release|x86.Build.0 = Release|Any CPU
		{F23C7E8E-2BAE-4806-90A9-970277960814}.Debug|Any CPU.ActiveCfg = Debug|Any CPU
		{F23C7E8E-2BAE-4806-90A9-970277960814}.Debug|Any CPU.Build.0 = Debug|Any CPU
		{F23C7E8E-2BAE-4806-90A9-970277960814}.Debug|x64.ActiveCfg = Debug|Any CPU
		{F23C7E8E-2BAE-4806-90A9-970277960814}.Debug|x64.Build.0 = Debug|Any CPU
		{F23C7E8E-2BAE-4806-90A9-970277960814}.Debug|x86.ActiveCfg = Debug|Any CPU
		{F23C7E8E-2BAE-4806-90A9-970277960814}.Debug|x86.Build.0 = Debug|Any CPU
		{F23C7E8E-2BAE-4806-90A9-970277960814}.Release|Any CPU.ActiveCfg = Release|Any CPU
		{F23C7E8E-2BAE-4806-90A9-970277960814}.Release|Any CPU.Build.0 = Release|Any CPU
		{F23C7E8E-2BAE-4806-90A9-970277960814}.Release|x64.ActiveCfg = Release|Any CPU
		{F23C7E8E-2BAE-4806-90A9-970277960814}.Release|x64.Build.0 = Release|Any CPU
		{F23C7E8E-2BAE-4806-90A9-970277960814}.Release|x86.ActiveCfg = Release|Any CPU
		{F23C7E8E-2BAE-4806-90A9-970277960814}.Release|x86.Build.0 = Release|Any CPU
		{11DF32C8-C9A5-4C1D-9F84-6C1F8D11AB0C}.Debug|Any CPU.ActiveCfg = Debug|Any CPU
		{11DF32C8-C9A5-4C1D-9F84-6C1F8D11AB0C}.Debug|Any CPU.Build.0 = Debug|Any CPU
		{11DF32C8-C9A5-4C1D-9F84-6C1F8D11AB0C}.Debug|x64.ActiveCfg = Debug|Any CPU
		{11DF32C8-C9A5-4C1D-9F84-6C1F8D11AB0C}.Debug|x64.Build.0 = Debug|Any CPU
		{11DF32C8-C9A5-4C1D-9F84-6C1F8D11AB0C}.Debug|x86.ActiveCfg = Debug|Any CPU
		{11DF32C8-C9A5-4C1D-9F84-6C1F8D11AB0C}.Debug|x86.Build.0 = Debug|Any CPU
		{11DF32C8-C9A5-4C1D-9F84-6C1F8D11AB0C}.Release|Any CPU.ActiveCfg = Release|Any CPU
		{11DF32C8-C9A5-4C1D-9F84-6C1F8D11AB0C}.Release|Any CPU.Build.0 = Release|Any CPU
		{11DF32C8-C9A5-4C1D-9F84-6C1F8D11AB0C}.Release|x64.ActiveCfg = Release|Any CPU
		{11DF32C8-C9A5-4C1D-9F84-6C1F8D11AB0C}.Release|x64.Build.0 = Release|Any CPU
		{11DF32C8-C9A5-4C1D-9F84-6C1F8D11AB0C}.Release|x86.ActiveCfg = Release|Any CPU
		{11DF32C8-C9A5-4C1D-9F84-6C1F8D11AB0C}.Release|x86.Build.0 = Release|Any CPU
	EndGlobalSection
	GlobalSection(SolutionProperties) = preSolution
		HideSolutionNode = FALSE
	EndGlobalSection
	GlobalSection(ExtensibilityGlobals) = postSolution
		SolutionGuid = {4C8D6EDC-7AC6-460D-8599-9E52DF99705A}
	EndGlobalSection
EndGlobal
