
Microsoft Visual Studio Solution File, Format Version 12.00
# Visual Studio Version 17
VisualStudioVersion = 17.0.31903.59
MinimumVisualStudioVersion = 10.0.40219.1
Project("{FAE04EC0-301F-11D3-BF4B-00C04F79EFBC}") = "ModbusForge.Avalonia", "ModbusForge.Avalonia\ModbusForge.Avalonia.csproj", "{BE71065C-A93F-47F1-B396-31C4EF4B7048}"
EndProject
Global
	GlobalSection(SolutionConfigurationPlatforms) = preSolution
		Debug|Any CPU = Debug|Any CPU
		Release|Any CPU = Release|Any CPU
	EndGlobalSection
	GlobalSection(SolutionProperties) = preSolution
		HideSolutionNode = FALSE
	EndGlobalSection
	GlobalSection(ProjectConfigurationPlatforms) = postSolution
		{BE71065C-A93F-47F1-B396-31C4EF4B7048}.Debug|Any CPU.ActiveCfg = Debug|Any CPU
		{BE71065C-A93F-47F1-B396-31C4EF4B7048}.Debug|Any CPU.Build.0 = Debug|Any CPU
		{BE71065C-A93F-47F1-B396-31C4EF4B7048}.Release|Any CPU.ActiveCfg = Release|Any CPU
		{BE71065C-A93F-47F1-B396-31C4EF4B7048}.Release|Any CPU.Build.0 = Release|Any CPU
	EndGlobalSection
EndGlobal
